
Microsoft Visual Studio Solution File, Format Version 12.00
# Visual Studio Version 16
VisualStudioVersion = 16.0.31911.196
MinimumVisualStudioVersion = 10.0.40219.1
Project("{FAE04EC0-301F-11D3-BF4B-00C04F79EFBC}") = "DiagramGenerators", "DiagramGenerators\DiagramGenerators.csproj", "{05F0D17E-953F-4ABD-9DE2-11B12C640810}"
EndProject
Project("{FAE04EC0-301F-11D3-BF4B-00C04F79EFBC}") = "ConsolePlantUmlGenerator", "ConsolePlantUmlGenerator\ConsolePlantUmlGenerator.csproj", "{350328F7-2DA6-4852-B2B2-B98951DC6BB1}"
EndProject
Global
	GlobalSection(SolutionConfigurationPlatforms) = preSolution
		Debug|Any CPU = Debug|Any CPU
		Release|Any CPU = Release|Any CPU
	EndGlobalSection
	GlobalSection(ProjectConfigurationPlatforms) = postSolution
		{05F0D17E-953F-4ABD-9DE2-11B12C640810}.Debug|Any CPU.ActiveCfg = Debug|Any CPU
		{05F0D17E-953F-4ABD-9DE2-11B12C640810}.Debug|Any CPU.Build.0 = Debug|Any CPU
		{05F0D17E-953F-4ABD-9DE2-11B12C640810}.Release|Any CPU.ActiveCfg = Release|Any CPU
		{05F0D17E-953F-4ABD-9DE2-11B12C640810}.Release|Any CPU.Build.0 = Release|Any CPU
		{350328F7-2DA6-4852-B2B2-B98951DC6BB1}.Debug|Any CPU.ActiveCfg = Debug|Any CPU
		{350328F7-2DA6-4852-B2B2-B98951DC6BB1}.Debug|Any CPU.Build.0 = Debug|Any CPU
		{350328F7-2DA6-4852-B2B2-B98951DC6BB1}.Release|Any CPU.ActiveCfg = Release|Any CPU
		{350328F7-2DA6-4852-B2B2-B98951DC6BB1}.Release|Any CPU.Build.0 = Release|Any CPU
	EndGlobalSection
	GlobalSection(SolutionProperties) = preSolution
		HideSolutionNode = FALSE
	EndGlobalSection
	GlobalSection(ExtensibilityGlobals) = postSolution
		SolutionGuid = {EA572E54-CBFE-4A46-99FC-45E3481A49CB}
	EndGlobalSection
EndGlobal
